
Microsoft Visual Studio Solution File, Format Version 12.00
# Visual Studio Version 16
VisualStudioVersion = 16.0.30330.147
MinimumVisualStudioVersion = 10.0.40219.1
Project("{FAE04EC0-301F-11D3-BF4B-00C04F79EFBC}") = "Liftmanagement", "Liftmanagement.csproj", "{E475DB0B-9D30-46E1-91C7-B6A5FD00680F}"
EndProject
Global
	GlobalSection(SolutionConfigurationPlatforms) = preSolution
		Debug|Any CPU = Debug|Any CPU
		Release|Any CPU = Release|Any CPU
	EndGlobalSection
	GlobalSection(ProjectConfigurationPlatforms) = postSolution
		{E475DB0B-9D30-46E1-91C7-B6A5FD00680F}.Debug|Any CPU.ActiveCfg = Debug|Any CPU
		{E475DB0B-9D30-46E1-91C7-B6A5FD00680F}.Debug|Any CPU.Build.0 = Debug|Any CPU
		{E475DB0B-9D30-46E1-91C7-B6A5FD00680F}.Release|Any CPU.ActiveCfg = Release|Any CPU
		{E475DB0B-9D30-46E1-91C7-B6A5FD00680F}.Release|Any CPU.Build.0 = Release|Any CPU
	EndGlobalSection
	GlobalSection(SolutionProperties) = preSolution
		HideSolutionNode = FALSE
	EndGlobalSection
	GlobalSection(ExtensibilityGlobals) = postSolution
		EnterpriseLibraryConfigurationToolBinariesPathV6 = packages\EnterpriseLibrary.Common.6.0.1304.0\lib\NET45;packages\EnterpriseLibrary.Data.6.0.1304.0\lib\NET45
		SolutionGuid = {65A70434-F82C-4BB3-8CAE-CB50347ADFA4}
	EndGlobalSection
EndGlobal
